
Microsoft Visual Studio Solution File, Format Version 12.00
# Visual Studio Version 17
VisualStudioVersion = 17.4.33110.190
MinimumVisualStudioVersion = 10.0.40219.1
Project("{9A19103F-16F7-4668-BE54-9A1E7A4F7556}") = "ProfilesService", "ProfilesService\ProfilesService.csproj", "{6BC8BE2C-4722-4B05-984E-D8F0F19A4C5D}"
EndProject
Project("{9A19103F-16F7-4668-BE54-9A1E7A4F7556}") = "ProfilesService.Domain", "ProfilesService.Domain\ProfilesService.Domain.csproj", "{F48736BB-94CF-4AD2-91BA-C1C77F5AC10A}"
EndProject
Project("{9A19103F-16F7-4668-BE54-9A1E7A4F7556}") = "ProfileService.Data", "ProfileService.Data\ProfileService.Data.csproj", "{58FA56D4-CEB6-41F3-A710-20BB1F241931}"
EndProject
Project("{FAE04EC0-301F-11D3-BF4B-00C04F79EFBC}") = "SharedModels", "SharedModels\SharedModels.csproj", "{CD91C013-7687-49B2-A22F-734AA47D628A}"
EndProject
Global
	GlobalSection(SolutionConfigurationPlatforms) = preSolution
		Debug|Any CPU = Debug|Any CPU
		Release|Any CPU = Release|Any CPU
	EndGlobalSection
	GlobalSection(ProjectConfigurationPlatforms) = postSolution
		{6BC8BE2C-4722-4B05-984E-D8F0F19A4C5D}.Debug|Any CPU.ActiveCfg = Debug|Any CPU
		{6BC8BE2C-4722-4B05-984E-D8F0F19A4C5D}.Debug|Any CPU.Build.0 = Debug|Any CPU
		{6BC8BE2C-4722-4B05-984E-D8F0F19A4C5D}.Release|Any CPU.ActiveCfg = Release|Any CPU
		{6BC8BE2C-4722-4B05-984E-D8F0F19A4C5D}.Release|Any CPU.Build.0 = Release|Any CPU
		{F48736BB-94CF-4AD2-91BA-C1C77F5AC10A}.Debug|Any CPU.ActiveCfg = Debug|Any CPU
		{F48736BB-94CF-4AD2-91BA-C1C77F5AC10A}.Debug|Any CPU.Build.0 = Debug|Any CPU
		{F48736BB-94CF-4AD2-91BA-C1C77F5AC10A}.Release|Any CPU.ActiveCfg = Release|Any CPU
		{F48736BB-94CF-4AD2-91BA-C1C77F5AC10A}.Release|Any CPU.Build.0 = Release|Any CPU
		{58FA56D4-CEB6-41F3-A710-20BB1F241931}.Debug|Any CPU.ActiveCfg = Debug|Any CPU
		{58FA56D4-CEB6-41F3-A710-20BB1F241931}.Debug|Any CPU.Build.0 = Debug|Any CPU
		{58FA56D4-CEB6-41F3-A710-20BB1F241931}.Release|Any CPU.ActiveCfg = Release|Any CPU
		{58FA56D4-CEB6-41F3-A710-20BB1F241931}.Release|Any CPU.Build.0 = Release|Any CPU
		{CD91C013-7687-49B2-A22F-734AA47D628A}.Debug|Any CPU.ActiveCfg = Debug|Any CPU
		{CD91C013-7687-49B2-A22F-734AA47D628A}.Debug|Any CPU.Build.0 = Debug|Any CPU
		{CD91C013-7687-49B2-A22F-734AA47D628A}.Release|Any CPU.ActiveCfg = Release|Any CPU
		{CD91C013-7687-49B2-A22F-734AA47D628A}.Release|Any CPU.Build.0 = Release|Any CPU
	EndGlobalSection
	GlobalSection(SolutionProperties) = preSolution
		HideSolutionNode = FALSE
	EndGlobalSection
	GlobalSection(ExtensibilityGlobals) = postSolution
		SolutionGuid = {62C3C892-C8BF-412C-8AD7-C23645E67147}
	EndGlobalSection
EndGlobal
