
Microsoft Visual Studio Solution File, Format Version 12.00
# Visual Studio Version 17
VisualStudioVersion = 17.4.33213.308
MinimumVisualStudioVersion = 10.0.40219.1
Project("{FAE04EC0-301F-11D3-BF4B-00C04F79EFBC}") = "CustomExceptionMiddleware", "CustomExceptionMiddleware\CustomExceptionMiddleware.csproj", "{ACAFF320-D286-46A1-8DD1-0AC3BC02D070}"
EndProject
Global
	GlobalSection(SolutionConfigurationPlatforms) = preSolution
		Debug|Any CPU = Debug|Any CPU
		Release|Any CPU = Release|Any CPU
	EndGlobalSection
	GlobalSection(ProjectConfigurationPlatforms) = postSolution
		{ACAFF320-D286-46A1-8DD1-0AC3BC02D070}.Debug|Any CPU.ActiveCfg = Debug|Any CPU
		{ACAFF320-D286-46A1-8DD1-0AC3BC02D070}.Debug|Any CPU.Build.0 = Debug|Any CPU
		{ACAFF320-D286-46A1-8DD1-0AC3BC02D070}.Release|Any CPU.ActiveCfg = Release|Any CPU
		{ACAFF320-D286-46A1-8DD1-0AC3BC02D070}.Release|Any CPU.Build.0 = Release|Any CPU
	EndGlobalSection
	GlobalSection(SolutionProperties) = preSolution
		HideSolutionNode = FALSE
	EndGlobalSection
	GlobalSection(ExtensibilityGlobals) = postSolution
		SolutionGuid = {4250A7D7-2254-42AB-8041-501C1BBDF9D4}
	EndGlobalSection
EndGlobal
