
Microsoft Visual Studio Solution File, Format Version 12.00
# Visual Studio Version 17
VisualStudioVersion = 17.4.33110.190
MinimumVisualStudioVersion = 10.0.40219.1
Project("{9A19103F-16F7-4668-BE54-9A1E7A4F7556}") = "AppointmentsService", "AppointmentsService\AppointmentsService.csproj", "{382264AA-AD8A-495F-A06C-D822C95CD590}"
EndProject
Project("{9A19103F-16F7-4668-BE54-9A1E7A4F7556}") = "Appoitments.Domain", "Appoitments.Domain\Appoitments.Domain.csproj", "{F8359967-C793-4924-802C-A2B721A9A6D0}"
EndProject
Project("{9A19103F-16F7-4668-BE54-9A1E7A4F7556}") = "Appoitments.Data", "Appoitments.Data\Appoitments.Data.csproj", "{5184308A-A1DA-443A-98CA-21003D4FDAD6}"
EndProject
Project("{FAE04EC0-301F-11D3-BF4B-00C04F79EFBC}") = "SharedModels", "SharedModels\SharedModels.csproj", "{CD640C32-4E77-41A9-83EE-E801148DA6C5}"
EndProject
Global
	GlobalSection(SolutionConfigurationPlatforms) = preSolution
		Debug|Any CPU = Debug|Any CPU
		Release|Any CPU = Release|Any CPU
	EndGlobalSection
	GlobalSection(ProjectConfigurationPlatforms) = postSolution
		{382264AA-AD8A-495F-A06C-D822C95CD590}.Debug|Any CPU.ActiveCfg = Debug|Any CPU
		{382264AA-AD8A-495F-A06C-D822C95CD590}.Debug|Any CPU.Build.0 = Debug|Any CPU
		{382264AA-AD8A-495F-A06C-D822C95CD590}.Release|Any CPU.ActiveCfg = Release|Any CPU
		{382264AA-AD8A-495F-A06C-D822C95CD590}.Release|Any CPU.Build.0 = Release|Any CPU
		{F8359967-C793-4924-802C-A2B721A9A6D0}.Debug|Any CPU.ActiveCfg = Debug|Any CPU
		{F8359967-C793-4924-802C-A2B721A9A6D0}.Debug|Any CPU.Build.0 = Debug|Any CPU
		{F8359967-C793-4924-802C-A2B721A9A6D0}.Release|Any CPU.ActiveCfg = Release|Any CPU
		{F8359967-C793-4924-802C-A2B721A9A6D0}.Release|Any CPU.Build.0 = Release|Any CPU
		{5184308A-A1DA-443A-98CA-21003D4FDAD6}.Debug|Any CPU.ActiveCfg = Debug|Any CPU
		{5184308A-A1DA-443A-98CA-21003D4FDAD6}.Debug|Any CPU.Build.0 = Debug|Any CPU
		{5184308A-A1DA-443A-98CA-21003D4FDAD6}.Release|Any CPU.ActiveCfg = Release|Any CPU
		{5184308A-A1DA-443A-98CA-21003D4FDAD6}.Release|Any CPU.Build.0 = Release|Any CPU
		{CD640C32-4E77-41A9-83EE-E801148DA6C5}.Debug|Any CPU.ActiveCfg = Debug|Any CPU
		{CD640C32-4E77-41A9-83EE-E801148DA6C5}.Debug|Any CPU.Build.0 = Debug|Any CPU
		{CD640C32-4E77-41A9-83EE-E801148DA6C5}.Release|Any CPU.ActiveCfg = Release|Any CPU
		{CD640C32-4E77-41A9-83EE-E801148DA6C5}.Release|Any CPU.Build.0 = Release|Any CPU
	EndGlobalSection
	GlobalSection(SolutionProperties) = preSolution
		HideSolutionNode = FALSE
	EndGlobalSection
	GlobalSection(ExtensibilityGlobals) = postSolution
		SolutionGuid = {FAF7D6E6-505A-4B45-9C5C-C13DD5EE8D5F}
	EndGlobalSection
EndGlobal
