
Microsoft Visual Studio Solution File, Format Version 12.00
# Visual Studio Version 17
VisualStudioVersion = 17.4.33110.190
MinimumVisualStudioVersion = 10.0.40219.1
Project("{FAE04EC0-301F-11D3-BF4B-00C04F79EFBC}") = "ServicesService", "ServicesService\ServicesService.csproj", "{DA83EBA3-A727-4A4D-9D4F-A8B19E305F86}"
EndProject
Project("{FAE04EC0-301F-11D3-BF4B-00C04F79EFBC}") = "ServicesService.Domain", "ServicesService.Domain\ServicesService.Domain.csproj", "{EEE1784C-8C47-46CD-954C-34CBF124B1E0}"
EndProject
Project("{FAE04EC0-301F-11D3-BF4B-00C04F79EFBC}") = "ServicesService.Data", "ServicesService.Data\ServicesService.Data.csproj", "{254F60C6-D72D-4FBB-9F44-3AEC23D268F1}"
EndProject
Global
	GlobalSection(SolutionConfigurationPlatforms) = preSolution
		Debug|Any CPU = Debug|Any CPU
		Release|Any CPU = Release|Any CPU
	EndGlobalSection
	GlobalSection(ProjectConfigurationPlatforms) = postSolution
		{DA83EBA3-A727-4A4D-9D4F-A8B19E305F86}.Debug|Any CPU.ActiveCfg = Debug|Any CPU
		{DA83EBA3-A727-4A4D-9D4F-A8B19E305F86}.Debug|Any CPU.Build.0 = Debug|Any CPU
		{DA83EBA3-A727-4A4D-9D4F-A8B19E305F86}.Release|Any CPU.ActiveCfg = Release|Any CPU
		{DA83EBA3-A727-4A4D-9D4F-A8B19E305F86}.Release|Any CPU.Build.0 = Release|Any CPU
		{EEE1784C-8C47-46CD-954C-34CBF124B1E0}.Debug|Any CPU.ActiveCfg = Debug|Any CPU
		{EEE1784C-8C47-46CD-954C-34CBF124B1E0}.Debug|Any CPU.Build.0 = Debug|Any CPU
		{EEE1784C-8C47-46CD-954C-34CBF124B1E0}.Release|Any CPU.ActiveCfg = Release|Any CPU
		{EEE1784C-8C47-46CD-954C-34CBF124B1E0}.Release|Any CPU.Build.0 = Release|Any CPU
		{254F60C6-D72D-4FBB-9F44-3AEC23D268F1}.Debug|Any CPU.ActiveCfg = Debug|Any CPU
		{254F60C6-D72D-4FBB-9F44-3AEC23D268F1}.Debug|Any CPU.Build.0 = Debug|Any CPU
		{254F60C6-D72D-4FBB-9F44-3AEC23D268F1}.Release|Any CPU.ActiveCfg = Release|Any CPU
		{254F60C6-D72D-4FBB-9F44-3AEC23D268F1}.Release|Any CPU.Build.0 = Release|Any CPU
	EndGlobalSection
	GlobalSection(SolutionProperties) = preSolution
		HideSolutionNode = FALSE
	EndGlobalSection
	GlobalSection(ExtensibilityGlobals) = postSolution
		SolutionGuid = {675EBCF3-96A9-492B-854D-418C1A11ECF7}
	EndGlobalSection
EndGlobal
